{
  "requires": true,
  "lockfileVersion": 1,
  "dependencies": {
    "cupertino-pane": {
      "version": "1.2.7",
      "resolved": "https://registry.npmjs.org/cupertino-pane/-/cupertino-pane-1.2.7.tgz",
      "integrity": "sha512-HZQ7eHVn8RRTb3vt0oA5S537tlzJhSiyUrhJBhlMw+FNopy2vUJrpvp4Le4EDH/GaFEtYEfX/epJJEOSWlHBcA=="
    }
  }
}
